
Microsoft Visual Studio Solution File, Format Version 12.00
# Visual Studio 15
VisualStudioVersion = 15.0.27703.2000
MinimumVisualStudioVersion = 10.0.40219.1
Project("{FAE04EC0-301F-11D3-BF4B-00C04F79EFBC}") = "Assignment1", "Assignment1\Assignment1.csproj", "{535FC5F4-3913-41F7-BC5A-4A39E72B8249}"
EndProject
Global
	GlobalSection(SolutionConfigurationPlatforms) = preSolution
		Debug|Any CPU = Debug|Any CPU
		Release|Any CPU = Release|Any CPU
	EndGlobalSection
	GlobalSection(ProjectConfigurationPlatforms) = postSolution
		{535FC5F4-3913-41F7-BC5A-4A39E72B8249}.Debug|Any CPU.ActiveCfg = Debug|Any CPU
		{535FC5F4-3913-41F7-BC5A-4A39E72B8249}.Debug|Any CPU.Build.0 = Debug|Any CPU
		{535FC5F4-3913-41F7-BC5A-4A39E72B8249}.Release|Any CPU.ActiveCfg = Release|Any CPU
		{535FC5F4-3913-41F7-BC5A-4A39E72B8249}.Release|Any CPU.Build.0 = Release|Any CPU
	EndGlobalSection
	GlobalSection(SolutionProperties) = preSolution
		HideSolutionNode = FALSE
	EndGlobalSection
	GlobalSection(ExtensibilityGlobals) = postSolution
		SolutionGuid = {0B9711B9-CD42-4C72-9A1F-692ED2A2C243}
	EndGlobalSection
EndGlobal
